
Microsoft Visual Studio Solution File, Format Version 12.00
# Visual Studio Version 17
VisualStudioVersion = 17.7.34031.279
MinimumVisualStudioVersion = 10.0.40219.1
Project("{9A19103F-16F7-4668-BE54-9A1E7A4F7556}") = "Models", "Models\Models.csproj", "{97DC7B0B-F984-4636-844A-32A4AD620358}"
EndProject
Project("{2150E333-8FDC-42A3-9474-1A3956D46DE8}") = "Infrastructure", "Infrastructure", "{503099E1-B5C8-4351-B7D1-0CB143E8F192}"
EndProject
Project("{9A19103F-16F7-4668-BE54-9A1E7A4F7556}") = "DataBase", "DataBase\DataBase.csproj", "{86D85715-879F-47CB-B416-3604D137DFC8}"
EndProject
Project("{2150E333-8FDC-42A3-9474-1A3956D46DE8}") = "Domain", "Domain", "{9E4116A9-B7FB-4E07-9803-5C2135741DF2}"
EndProject
Project("{9A19103F-16F7-4668-BE54-9A1E7A4F7556}") = "Services", "Services\Services.csproj", "{DABDA1C0-DFEA-4913-988D-2EEC72069BA1}"
EndProject
Project("{9A19103F-16F7-4668-BE54-9A1E7A4F7556}") = "Plants", "Plants\Plants.csproj", "{64045DEA-F088-4C06-BF9C-6D3DD83DFB7B}"
EndProject
Global
	GlobalSection(SolutionConfigurationPlatforms) = preSolution
		Debug|Any CPU = Debug|Any CPU
		Release|Any CPU = Release|Any CPU
	EndGlobalSection
	GlobalSection(ProjectConfigurationPlatforms) = postSolution
		{97DC7B0B-F984-4636-844A-32A4AD620358}.Debug|Any CPU.ActiveCfg = Debug|Any CPU
		{97DC7B0B-F984-4636-844A-32A4AD620358}.Debug|Any CPU.Build.0 = Debug|Any CPU
		{97DC7B0B-F984-4636-844A-32A4AD620358}.Release|Any CPU.ActiveCfg = Release|Any CPU
		{97DC7B0B-F984-4636-844A-32A4AD620358}.Release|Any CPU.Build.0 = Release|Any CPU
		{86D85715-879F-47CB-B416-3604D137DFC8}.Debug|Any CPU.ActiveCfg = Debug|Any CPU
		{86D85715-879F-47CB-B416-3604D137DFC8}.Debug|Any CPU.Build.0 = Debug|Any CPU
		{86D85715-879F-47CB-B416-3604D137DFC8}.Release|Any CPU.ActiveCfg = Release|Any CPU
		{86D85715-879F-47CB-B416-3604D137DFC8}.Release|Any CPU.Build.0 = Release|Any CPU
		{DABDA1C0-DFEA-4913-988D-2EEC72069BA1}.Debug|Any CPU.ActiveCfg = Debug|Any CPU
		{DABDA1C0-DFEA-4913-988D-2EEC72069BA1}.Debug|Any CPU.Build.0 = Debug|Any CPU
		{DABDA1C0-DFEA-4913-988D-2EEC72069BA1}.Release|Any CPU.ActiveCfg = Release|Any CPU
		{DABDA1C0-DFEA-4913-988D-2EEC72069BA1}.Release|Any CPU.Build.0 = Release|Any CPU
		{64045DEA-F088-4C06-BF9C-6D3DD83DFB7B}.Debug|Any CPU.ActiveCfg = Debug|Any CPU
		{64045DEA-F088-4C06-BF9C-6D3DD83DFB7B}.Debug|Any CPU.Build.0 = Debug|Any CPU
		{64045DEA-F088-4C06-BF9C-6D3DD83DFB7B}.Release|Any CPU.ActiveCfg = Release|Any CPU
		{64045DEA-F088-4C06-BF9C-6D3DD83DFB7B}.Release|Any CPU.Build.0 = Release|Any CPU
	EndGlobalSection
	GlobalSection(SolutionProperties) = preSolution
		HideSolutionNode = FALSE
	EndGlobalSection
	GlobalSection(NestedProjects) = preSolution
		{97DC7B0B-F984-4636-844A-32A4AD620358} = {9E4116A9-B7FB-4E07-9803-5C2135741DF2}
		{86D85715-879F-47CB-B416-3604D137DFC8} = {503099E1-B5C8-4351-B7D1-0CB143E8F192}
		{DABDA1C0-DFEA-4913-988D-2EEC72069BA1} = {9E4116A9-B7FB-4E07-9803-5C2135741DF2}
	EndGlobalSection
	GlobalSection(ExtensibilityGlobals) = postSolution
		SolutionGuid = {AFD71863-BAF5-4F2C-9186-F304D77137AB}
	EndGlobalSection
EndGlobal
